
Microsoft Visual Studio Solution File, Format Version 12.00
# Visual Studio Version 17
VisualStudioVersion = 17.7.34221.43
MinimumVisualStudioVersion = 10.0.40219.1
Project("{FAE04EC0-301F-11D3-BF4B-00C04F79EFBC}") = "HTTP.WIKIPPEDIA", "HTTP.WIKIPPEDIA\HTTP.WIKIPPEDIA.csproj", "{15FD98C6-3E51-423C-9E8C-AB76EDE554EF}"
EndProject
Global
	GlobalSection(SolutionConfigurationPlatforms) = preSolution
		Debug|Any CPU = Debug|Any CPU
		Release|Any CPU = Release|Any CPU
	EndGlobalSection
	GlobalSection(ProjectConfigurationPlatforms) = postSolution
		{15FD98C6-3E51-423C-9E8C-AB76EDE554EF}.Debug|Any CPU.ActiveCfg = Debug|Any CPU
		{15FD98C6-3E51-423C-9E8C-AB76EDE554EF}.Debug|Any CPU.Build.0 = Debug|Any CPU
		{15FD98C6-3E51-423C-9E8C-AB76EDE554EF}.Release|Any CPU.ActiveCfg = Release|Any CPU
		{15FD98C6-3E51-423C-9E8C-AB76EDE554EF}.Release|Any CPU.Build.0 = Release|Any CPU
	EndGlobalSection
	GlobalSection(SolutionProperties) = preSolution
		HideSolutionNode = FALSE
	EndGlobalSection
	GlobalSection(ExtensibilityGlobals) = postSolution
		SolutionGuid = {3CFFEBB9-F68F-4872-832C-8F6135589E4E}
	EndGlobalSection
EndGlobal
